{
  "requires": true,
  "lockfileVersion": 1,
  "dependencies": {
    "three": {
      "version": "0.125.0",
      "resolved": "https://registry.npmjs.org/three/-/three-0.125.0.tgz",
      "integrity": "sha512-qL36qUGsPQ/Ofo/RZdXwHwM7A8wzUSAIyawtjIebJSPvounUQeneSqxI0aBY2iwKpseGy+RUtj3C5f/z4poyXw=="
    },
    "vue": {
      "version": "2.6.10",
      "resolved": "https://registry.npmjs.org/vue/-/vue-2.6.10.tgz",
      "integrity": "sha512-ImThpeNU9HbdZL3utgMCq0oiMzAkt1mcgy3/E6zWC/G6AaQoeuFdsl9nDhTDU3X1R6FK7nsIUuRACVcjI+A2GQ=="
    }
  }
}
